
Microsoft Visual Studio Solution File, Format Version 12.00
# Visual Studio Version 17
VisualStudioVersion = 17.2.32630.192
MinimumVisualStudioVersion = 10.0.40219.1
Project("{FAE04EC0-301F-11D3-BF4B-00C04F79EFBC}") = "irish-rail-api", "irish-rail-api\irish-rail-api.csproj", "{76F27A42-0D17-4DAE-AFA6-F4512E4FD324}"
EndProject
Project("{2150E333-8FDC-42A3-9474-1A3956D46DE8}") = "Solution Items", "Solution Items", "{91C1C45E-8412-4CBA-8E26-C9F8A8256FE5}"
	ProjectSection(SolutionItems) = preProject
		.editorconfig = .editorconfig
		.gitignore = .gitignore
		LICENSE = LICENSE
		README.md = README.md
	EndProjectSection
EndProject
Project("{FAE04EC0-301F-11D3-BF4B-00C04F79EFBC}") = "irish-rail-api.tests", "irish-rail-api.tests\irish-rail-api.tests.csproj", "{B7205A93-A0A8-4CA5-ACAE-E6220A40AAA2}"
EndProject
Global
	GlobalSection(SolutionConfigurationPlatforms) = preSolution
		Debug|Any CPU = Debug|Any CPU
		Release|Any CPU = Release|Any CPU
	EndGlobalSection
	GlobalSection(ProjectConfigurationPlatforms) = postSolution
		{76F27A42-0D17-4DAE-AFA6-F4512E4FD324}.Debug|Any CPU.ActiveCfg = Debug|Any CPU
		{76F27A42-0D17-4DAE-AFA6-F4512E4FD324}.Debug|Any CPU.Build.0 = Debug|Any CPU
		{76F27A42-0D17-4DAE-AFA6-F4512E4FD324}.Release|Any CPU.ActiveCfg = Release|Any CPU
		{76F27A42-0D17-4DAE-AFA6-F4512E4FD324}.Release|Any CPU.Build.0 = Release|Any CPU
		{B7205A93-A0A8-4CA5-ACAE-E6220A40AAA2}.Debug|Any CPU.ActiveCfg = Debug|Any CPU
		{B7205A93-A0A8-4CA5-ACAE-E6220A40AAA2}.Debug|Any CPU.Build.0 = Debug|Any CPU
		{B7205A93-A0A8-4CA5-ACAE-E6220A40AAA2}.Release|Any CPU.ActiveCfg = Release|Any CPU
		{B7205A93-A0A8-4CA5-ACAE-E6220A40AAA2}.Release|Any CPU.Build.0 = Release|Any CPU
	EndGlobalSection
	GlobalSection(SolutionProperties) = preSolution
		HideSolutionNode = FALSE
	EndGlobalSection
	GlobalSection(ExtensibilityGlobals) = postSolution
		SolutionGuid = {9E4AC36E-4970-44A7-B117-EFA73A0A94AF}
	EndGlobalSection
EndGlobal
